{
  "version": 1,
  "dependencies": {
    "net8.0": {
      "AutoBogus": {
        "type": "Direct",
        "requested": "[2.13.1, )",
        "resolved": "2.13.1",
        "contentHash": "9bvwy/Y53M/AWXzYaClv0jU9Xg/Ycyth3cQuUFWZRw5Dv4UsHV00iSrDplcheG6l5mL5SI/eif7X2INhuBvjQw==",
        "dependencies": {
          "Bogus": "31.0.3",
          "System.Data.DataSetExtensions": "4.5.0"
        }
      },
      "AutoMapper": {
        "type": "Direct",
        "requested": "[13.0.1, )",
        "resolved": "13.0.1",
        "contentHash": "/Fx1SbJ16qS7dU4i604Sle+U9VLX+WSNVJggk6MupKVkYvvBm4XqYaeFuf67diHefHKHs50uQIS2YEDFhPCakQ==",
        "dependencies": {
          "Microsoft.Extensions.Options": "6.0.0"
        }
      },
      "coverlet.collector": {
        "type": "Direct",
        "requested": "[6.0.2, )",
        "resolved": "6.0.2",
        "contentHash": "bJShQ6uWRTQ100ZeyiMqcFlhP7WJ+bCuabUs885dJiBEzMsJMSFr7BOyeCw4rgvQokteGi5rKQTlkhfQPUXg2A=="
      },
      "FluentAssertions": {
        "type": "Direct",
        "requested": "[6.12.0, )",
        "resolved": "6.12.0",
        "contentHash": "ZXhHT2YwP9lajrwSKbLlFqsmCCvFJMoRSK9t7sImfnCyd0OB3MhgxdoMcVqxbq1iyxD6mD2fiackWmBb7ayiXQ==",
        "dependencies": {
          "System.Configuration.ConfigurationManager": "4.4.0"
        }
      },
      "Microsoft.NET.Test.Sdk": {
        "type": "Direct",
        "requested": "[17.9.0, )",
        "resolved": "17.9.0",
        "contentHash": "7GUNAUbJYn644jzwLm5BD3a2p9C1dmP8Hr6fDPDxgItQk9hBs1Svdxzz07KQ/UphMSmgza9AbijBJGmw5D658A==",
        "dependencies": {
          "Microsoft.CodeCoverage": "17.9.0",
          "Microsoft.TestPlatform.TestHost": "17.9.0"
        }
      },
      "NSubstitute": {
        "type": "Direct",
        "requested": "[5.1.0, )",
        "resolved": "5.1.0",
        "contentHash": "ZCqOP3Kpp2ea7QcLyjMU4wzE+0wmrMN35PQMsdPOHYc2IrvjmusG9hICOiqiOTPKN0gJon6wyCn6ZuGHdNs9hQ==",
        "dependencies": {
          "Castle.Core": "5.1.1"
        }
      },
      "NSubstitute.Analyzers.CSharp": {
        "type": "Direct",
        "requested": "[1.0.17, )",
        "resolved": "1.0.17",
        "contentHash": "Pwz0MD7CAM/G/fvJjM3ceOfI+S0IgjanHcK7evwyrW9qAWUG8fgiEXYfSX1/s3h2JUNDOw6ik0G8zp+RT61Y1g=="
      },
      "Roslynator.Analyzers": {
        "type": "Direct",
        "requested": "[4.12.3, )",
        "resolved": "4.12.3",
        "contentHash": "6+O9GwAxOxJr1rZ4aaLiBiSH3pxDkJuXLE8qjo/JXLvGkZhKRLbAz30WA32RmJb5Nn1TmjZ2T3kWt3GJmEDj1w=="
      },
      "Roslynator.Formatting.Analyzers": {
        "type": "Direct",
        "requested": "[4.12.3, )",
        "resolved": "4.12.3",
        "contentHash": "zjaS+dUapHIxqE6izJ3VpLLAyvQ/JFVfu1RJI5vPunG2MBCClBBsXRkdz0LrmC3zRiX+NprHO//9EnmdMwl4/w=="
      },
      "SecurityCodeScan.VS2019": {
        "type": "Direct",
        "requested": "[5.6.7, )",
        "resolved": "5.6.7",
        "contentHash": "WIE9RJswdSc2j+rLz2gW6U+gMUjMHzY2j7C/CL8/R2olXNM/+twarfMnWqm+rZodDBvaYDApJyxM8mVYf9FGrQ=="
      },
      "SonarAnalyzer.CSharp": {
        "type": "Direct",
        "requested": "[9.25.0.90414, )",
        "resolved": "9.25.0.90414",
        "contentHash": "T5zhLMv1uC98eDXZtLNOcS+fIlRJZ8VNlWLaXVlgmI7wPuYwTPDpfaKXB0UfTMFAvnMCAsG2kFpdRszUY3kh5g=="
      },
      "xunit": {
        "type": "Direct",
        "requested": "[2.8.0, )",
        "resolved": "2.8.0",
        "contentHash": "US3a3twJziAif1kFPGdk9fALwILHxV0n1roX5j67bN/d3o4DGNLHnV3tr5ZX+uinVrzfkf0avH3zGX8JPBC0qA==",
        "dependencies": {
          "xunit.analyzers": "1.13.0",
          "xunit.assert": "2.8.0",
          "xunit.core": "[2.8.0]"
        }
      },
      "xunit.runner.visualstudio": {
        "type": "Direct",
        "requested": "[2.8.0, )",
        "resolved": "2.8.0",
        "contentHash": "mqQbS2zr8dfgSWxkNOC6UTzO8JoqpTmM5+FFn2XR/2nVmx2JvEY0YbM5pt2FmXVg9YVe+jKUPHd6KrroyCl67w=="
      },
      "ApiExceptions": {
        "type": "Transitive",
        "resolved": "1.2.3",
        "contentHash": "IVuquXzC6tXSFr5oI71T4wtvv2VXxFFgFhJ4rVf00b34pEH+yTorViT3aZ3O7tz4jOZgYEaDLsUED8V5iyDM5g=="
      },
      "Bogus": {
        "type": "Transitive",
        "resolved": "31.0.3",
        "contentHash": "CMVbZndfEihsd7A5GgdfMQTNiUzjTTng2IPoTe4J2cyxUaEqCW5M5HO8uGF/Qkq1NL219AbLHX+4dx9MxWDSiA=="
      },
      "Castle.Core": {
        "type": "Transitive",
        "resolved": "5.1.1",
        "contentHash": "rpYtIczkzGpf+EkZgDr9CClTdemhsrwA/W5hMoPjLkRFnXzH44zDLoovXeKtmxb1ykXK9aJVODSpiJml8CTw2g==",
        "dependencies": {
          "System.Diagnostics.EventLog": "6.0.0"
        }
      },
      "FluentValidation": {
        "type": "Transitive",
        "resolved": "11.9.1",
        "contentHash": "C+PqISSMdlOZZJx0Hx25atW32tv4vbpsaiQB+PLjK+ZGLzOFuHl1fUJ3Lny77mIZ31ZtYtNG0JgUjxa3wwLsWg=="
      },
      "FluentValidation.DependencyInjectionExtensions": {
        "type": "Transitive",
        "resolved": "11.9.1",
        "contentHash": "3jJbFcCWhiXhrCKFPjKihzccmosv+CleYewd2zEYS4aaUHx9zQSgOvkYbWUGTbDwJ5j2nDWE0Pr1EQ2xY4pryg==",
        "dependencies": {
          "FluentValidation": "11.9.1",
          "Microsoft.Extensions.Dependencyinjection.Abstractions": "2.1.0"
        }
      },
      "MediatR": {
        "type": "Transitive",
        "resolved": "12.2.0",
        "contentHash": "8TUFrHapKi6D74PhnSNEguRsH91HNGyP3R4ZQdgDorJgl9Wac5Prh0vA33QfrniAaS6L2xNNhc6vxzg+5AIbwA==",
        "dependencies": {
          "MediatR.Contracts": "[2.0.1, 3.0.0)",
          "Microsoft.Extensions.DependencyInjection.Abstractions": "8.0.0"
        }
      },
      "MediatR.Contracts": {
        "type": "Transitive",
        "resolved": "2.0.1",
        "contentHash": "FYv95bNT4UwcNA+G/J1oX5OpRiSUxteXaUt2BJbRSdRNiIUNbggJF69wy6mnk2wYToaanpdXZdCwVylt96MpwQ=="
      },
      "Microsoft.CodeCoverage": {
        "type": "Transitive",
        "resolved": "17.9.0",
        "contentHash": "RGD37ZSrratfScYXm7M0HjvxMxZyWZL4jm+XgMZbkIY1UPgjUpbNA/t+WTGj/rC/0Hm9A3IrH3ywbKZkOCnoZA=="
      },
      "Microsoft.Extensions.Configuration": {
        "type": "Transitive",
        "resolved": "8.0.0",
        "contentHash": "0J/9YNXTMWSZP2p2+nvl8p71zpSwokZXZuJW+VjdErkegAnFdO1XlqtA62SJtgVYHdKu3uPxJHcMR/r35HwFBA==",
        "dependencies": {
          "Microsoft.Extensions.Configuration.Abstractions": "8.0.0",
          "Microsoft.Extensions.Primitives": "8.0.0"
        }
      },
      "Microsoft.Extensions.Configuration.Abstractions": {
        "type": "Transitive",
        "resolved": "8.0.0",
        "contentHash": "3lE/iLSutpgX1CC0NOW70FJoGARRHbyKmG7dc0klnUZ9Dd9hS6N/POPWhKhMLCEuNN5nXEY5agmlFtH562vqhQ==",
        "dependencies": {
          "Microsoft.Extensions.Primitives": "8.0.0"
        }
      },
      "Microsoft.Extensions.Configuration.Binder": {
        "type": "Transitive",
        "resolved": "8.0.0",
        "contentHash": "mBMoXLsr5s1y2zOHWmKsE9veDcx8h1x/c3rz4baEdQKTeDcmQAPNbB54Pi/lhFO3K431eEq6PFbMgLaa6PHFfA==",
        "dependencies": {
          "Microsoft.Extensions.Configuration.Abstractions": "8.0.0"
        }
      },
      "Microsoft.Extensions.DependencyInjection.Abstractions": {
        "type": "Transitive",
        "resolved": "8.0.1",
        "contentHash": "fGLiCRLMYd00JYpClraLjJTNKLmMJPnqxMaiRzEBIIvevlzxz33mXy39Lkd48hu1G+N21S7QpaO5ZzKsI6FRuA=="
      },
      "Microsoft.Extensions.Options": {
        "type": "Transitive",
        "resolved": "8.0.2",
        "contentHash": "dWGKvhFybsaZpGmzkGCbNNwBD1rVlWzrZKANLW/CcbFJpCEceMCGzT7zZwHOGBCbwM0SzBuceMj5HN1LKV1QqA==",
        "dependencies": {
          "Microsoft.Extensions.DependencyInjection.Abstractions": "8.0.0",
          "Microsoft.Extensions.Primitives": "8.0.0"
        }
      },
      "Microsoft.Extensions.Options.ConfigurationExtensions": {
        "type": "Transitive",
        "resolved": "8.0.0",
        "contentHash": "0f4DMRqEd50zQh+UyJc+/HiBsZ3vhAQALgdkcQEalSH1L2isdC7Yj54M3cyo5e+BeO5fcBQ7Dxly8XiBBcvRgw==",
        "dependencies": {
          "Microsoft.Extensions.Configuration.Abstractions": "8.0.0",
          "Microsoft.Extensions.Configuration.Binder": "8.0.0",
          "Microsoft.Extensions.DependencyInjection.Abstractions": "8.0.0",
          "Microsoft.Extensions.Options": "8.0.0",
          "Microsoft.Extensions.Primitives": "8.0.0"
        }
      },
      "Microsoft.Extensions.Primitives": {
        "type": "Transitive",
        "resolved": "8.0.0",
        "contentHash": "bXJEZrW9ny8vjMF1JV253WeLhpEVzFo1lyaZu1vQ4ZxWUlVvknZ/+ftFgVheLubb4eZPSwwxBeqS1JkCOjxd8g=="
      },
      "Microsoft.TestPlatform.ObjectModel": {
        "type": "Transitive",
        "resolved": "17.9.0",
        "contentHash": "1ilw/8vgmjLyKU+2SKXKXaOqpYFJCQfGqGz+x0cosl981VzjrY74Sv6qAJv+neZMZ9ZMxF3ArN6kotaQ4uvEBw==",
        "dependencies": {
          "System.Reflection.Metadata": "1.6.0"
        }
      },
      "Microsoft.TestPlatform.TestHost": {
        "type": "Transitive",
        "resolved": "17.9.0",
        "contentHash": "Spmg7Wx49Ya3SxBjyeAR+nQpjMTKZwTwpZ7KyeOTIqI/WHNPnBU4HUvl5kuHPQAwGWqMy4FGZja1HvEwvoaDiA==",
        "dependencies": {
          "Microsoft.TestPlatform.ObjectModel": "17.9.0",
          "Newtonsoft.Json": "13.0.1"
        }
      },
      "Newtonsoft.Json": {
        "type": "Transitive",
        "resolved": "13.0.1",
        "contentHash": "ppPFpBcvxdsfUonNcvITKqLl3bqxWbDCZIzDWHzjpdAHRFfZe0Dw9HmA0+za13IdyrgJwpkDTDA9fHaxOrt20A=="
      },
      "System.Configuration.ConfigurationManager": {
        "type": "Transitive",
        "resolved": "4.4.0",
        "contentHash": "gWwQv/Ug1qWJmHCmN17nAbxJYmQBM/E94QxKLksvUiiKB1Ld3Sc/eK1lgmbSjDFxkQhVuayI/cGFZhpBSodLrg==",
        "dependencies": {
          "System.Security.Cryptography.ProtectedData": "4.4.0"
        }
      },
      "System.Data.DataSetExtensions": {
        "type": "Transitive",
        "resolved": "4.5.0",
        "contentHash": "221clPs1445HkTBZPL+K9sDBdJRB8UN8rgjO3ztB0CQ26z//fmJXtlsr6whGatscsKGBrhJl5bwJuKSA8mwFOw=="
      },
      "System.Diagnostics.EventLog": {
        "type": "Transitive",
        "resolved": "6.0.0",
        "contentHash": "lcyUiXTsETK2ALsZrX+nWuHSIQeazhqPphLfaRxzdGaG93+0kELqpgEHtwWOlQe7+jSFnKwaCAgL4kjeZCQJnw=="
      },
      "System.Reflection.Metadata": {
        "type": "Transitive",
        "resolved": "1.6.0",
        "contentHash": "COC1aiAJjCoA5GBF+QKL2uLqEBew4JsCkQmoHKbN3TlOZKa2fKLz5CpiRQKDz0RsAOEGsVKqOD5bomsXq/4STQ=="
      },
      "System.Security.Cryptography.ProtectedData": {
        "type": "Transitive",
        "resolved": "4.4.0",
        "contentHash": "cJV7ScGW7EhatRsjehfvvYVBvtiSMKgN8bOVI0bQhnF5bU7vnHVIsH49Kva7i7GWaWYvmEzkYVk1TC+gZYBEog=="
      },
      "xunit.abstractions": {
        "type": "Transitive",
        "resolved": "2.0.3",
        "contentHash": "pot1I4YOxlWjIb5jmwvvQNbTrZ3lJQ+jUGkGjWE3hEFM0l5gOnBWS+H3qsex68s5cO52g+44vpGzhAt+42vwKg=="
      },
      "xunit.analyzers": {
        "type": "Transitive",
        "resolved": "1.13.0",
        "contentHash": "Pai9YnDV71/Ox14nBHB6/f62iyPyLbmUG/YYMiA4dfdFZvr0gIYE9yGxSr0i5Tr3INK75wgL2MCUNEKpeiZ2Fw=="
      },
      "xunit.assert": {
        "type": "Transitive",
        "resolved": "2.8.0",
        "contentHash": "lwf7Dy5/5HbDkaPx1YrGXCByytCEEcIn+KPI74jh2BD/RU/7RhO8c+S3k0Ph+Mr7+cLf338fl+o6UcgPCLa6PA=="
      },
      "xunit.core": {
        "type": "Transitive",
        "resolved": "2.8.0",
        "contentHash": "McSTFGTETCxLpmJKE9TWi9FtFthrRbpRrjz2V2g8sK2wRt1+JHs15vwi+B+nfftFkV9aFWIXZfzZM95TIGZNIA==",
        "dependencies": {
          "xunit.extensibility.core": "[2.8.0]",
          "xunit.extensibility.execution": "[2.8.0]"
        }
      },
      "xunit.extensibility.core": {
        "type": "Transitive",
        "resolved": "2.8.0",
        "contentHash": "eBJv9xQeY0p5z+C/L1tFjUFYqtl5pQqIEYCGTMl+MbRzA7sOlgYKwJE//vEePBp+mgBh7NjD0Qhz0liZBYM27w==",
        "dependencies": {
          "xunit.abstractions": "2.0.3"
        }
      },
      "xunit.extensibility.execution": {
        "type": "Transitive",
        "resolved": "2.8.0",
        "contentHash": "TyyrZesHB9ODZMS9c73OqiBz4x0vL944JCkSPBWW5w6PF2LlUfdfXRjjOhoIOuY6lTmEgl07rS4/Jot9mCYnpg==",
        "dependencies": {
          "xunit.extensibility.core": "[2.8.0]"
        }
      },
      "kjkardum.cloudyback.application": {
        "type": "Project",
        "dependencies": {
          "ApiExceptions": "[1.2.3, )",
          "AutoMapper": "[13.0.1, )",
          "FluentValidation": "[11.9.1, )",
          "FluentValidation.DependencyInjectionExtensions": "[11.9.1, )",
          "Kjkardum.CloudyBack.Domain": "[1.0.0, )",
          "MediatR": "[12.2.0, )",
          "Microsoft.Extensions.Configuration": "[8.0.0, )",
          "Microsoft.Extensions.Configuration.Abstractions": "[8.0.0, )",
          "Microsoft.Extensions.DependencyInjection.Abstractions": "[8.0.1, )",
          "Microsoft.Extensions.Options": "[8.0.2, )",
          "Microsoft.Extensions.Options.ConfigurationExtensions": "[8.0.0, )"
        }
      },
      "kjkardum.cloudyback.domain": {
        "type": "Project"
      }
    }
  }
}